# This file is automatically @generated by Cargo.
# It is not intended for manual editing.
version = 3

[[package]]
name = "open-memory-cli"
version = "0.1.0"
dependencies = [
 "open-memory-core",
 "open-memory-graph",
 "open-memory-index",
 "open-memory-mcp",
]

[[package]]
name = "open-memory-core"
version = "0.1.0"

[[package]]
name = "open-memory-embed"
version = "0.1.0"
dependencies = [
 "open-memory-core",
]

[[package]]
name = "open-memory-graph"
version = "0.1.0"
dependencies = [
 "open-memory-core",
 "open-memory-embed",
 "open-memory-index",
]

[[package]]
name = "open-memory-index"
version = "0.1.0"
dependencies = [
 "open-memory-core",
]

[[package]]
name = "open-memory-mcp"
version = "0.1.0"
dependencies = [
 "open-memory-core",
 "open-memory-graph",
 "open-memory-index",
]
